
Microsoft Visual Studio Solution File, Format Version 12.00
# Visual Studio Version 17
VisualStudioVersion = 17.11.35222.181
MinimumVisualStudioVersion = 10.0.40219.1
Project("{2150E333-8FDC-42A3-9474-1A3956D46DE8}") = "Task0", "Task0", "{061FB400-DA2D-489A-B17D-95418B6EE4C0}"
EndProject
Project("{9A19103F-16F7-4668-BE54-9A1E7A4F7556}") = "Tyuiu.GridinAE.Sprint0.Task0.V0", "Tyuiu.GridinAE.Sprint0.Task0.V0\Tyuiu.GridinAE.Sprint0.Task0.V0.csproj", "{0C5DF449-D5CE-40D8-80C4-1E29CCEDF05F}"
EndProject
Project("{2150E333-8FDC-42A3-9474-1A3956D46DE8}") = "Task1", "Task1", "{4AED4124-7192-4421-B03D-683696765DFF}"
EndProject
Project("{9A19103F-16F7-4668-BE54-9A1E7A4F7556}") = "Tyuiu.GridinAE.Sprint0.Task1.V0", "Tyuiu.GridinAE.Sprint0.Task1.V0\Tyuiu.GridinAE.Sprint0.Task1.V0.csproj", "{715E56E1-9DAD-4118-A18D-FEFB37BF390D}"
EndProject
Project("{2150E333-8FDC-42A3-9474-1A3956D46DE8}") = "Task2", "Task2", "{850264F3-BAB1-4C85-B29F-C5839BC20CEB}"
EndProject
Project("{9A19103F-16F7-4668-BE54-9A1E7A4F7556}") = "Tyuiu.GridinAE.Sprint0.Task2.V0", "Tyuiu.GridinAE.Sprint0.Task2.V0\Tyuiu.GridinAE.Sprint0.Task2.V0.csproj", "{B36EA0FF-5A2E-4647-BADF-560894EB1E0E}"
EndProject
Project("{9A19103F-16F7-4668-BE54-9A1E7A4F7556}") = "Tyuiu.GridinAE.Sprint0.Task2.V0.Lib", "Tyuiu.GridinAE.Sprint0.Task2.V0.Lib\Tyuiu.GridinAE.Sprint0.Task2.V0.Lib.csproj", "{48C8D826-100B-4E13-8F7A-E8197E31D398}"
EndProject
Project("{9A19103F-16F7-4668-BE54-9A1E7A4F7556}") = "Tyuiu.GridinAE.Sprint0.Task2.V0.Test", "Tyuiu.GridinAE.Sprint0.Task2.V0.Test\Tyuiu.GridinAE.Sprint0.Task2.V0.Test.csproj", "{05D18FA9-4B56-4C09-A4A2-1ADF11CB808B}"
EndProject
Project("{2150E333-8FDC-42A3-9474-1A3956D46DE8}") = "Task3", "Task3", "{F1034D40-89B2-46A6-82DA-59B831FB7373}"
EndProject
Project("{9A19103F-16F7-4668-BE54-9A1E7A4F7556}") = "Tyuiu.GridinAE.Sprint0.Task3.V0", "Tyuiu.GridinAE.Sprint0.Task3.V0\Tyuiu.GridinAE.Sprint0.Task3.V0.csproj", "{1970CB8A-EA49-462C-A911-68536704ECBB}"
EndProject
Project("{9A19103F-16F7-4668-BE54-9A1E7A4F7556}") = "Tyuiu.GridinAE.Sprint0.Task3.V0.Lib", "Tyuiu.GridinAE.Sprint0.Task3.V0.Lib\Tyuiu.GridinAE.Sprint0.Task3.V0.Lib.csproj", "{B67AF9DF-7120-458F-B1DF-84B275C3C209}"
EndProject
Project("{9A19103F-16F7-4668-BE54-9A1E7A4F7556}") = "Tyuiu.GridinAE.Sprint0.Task3.V0.Test", "Tyuiu.GridinAE.Sprint0.Task3.V0.Test\Tyuiu.GridinAE.Sprint0.Task3.V0.Test.csproj", "{92D0C931-9044-4465-BDF6-C99CD2E2646D}"
EndProject
Project("{2150E333-8FDC-42A3-9474-1A3956D46DE8}") = "Task4", "Task4", "{B69C2BCE-3BA8-4F65-A12C-6EFDCD547BC9}"
EndProject
Project("{9A19103F-16F7-4668-BE54-9A1E7A4F7556}") = "Tyuiu.GridinAE.Sprint0.Task4.V0", "Tyuiu.GridinAE.Sprint0.Task4.V0\Tyuiu.GridinAE.Sprint0.Task4.V0.csproj", "{60B86831-D148-4141-BE18-6CCA59B38337}"
EndProject
Project("{9A19103F-16F7-4668-BE54-9A1E7A4F7556}") = "Tyuiu.GridinAE.Sprint0.Task4.V0.Lib", "Tyuiu.GridinAE.Sprint0.Task4.V0.Lib\Tyuiu.GridinAE.Sprint0.Task4.V0.Lib.csproj", "{6D500D11-FE72-4C97-99BD-BCB898646E6E}"
EndProject
Project("{9A19103F-16F7-4668-BE54-9A1E7A4F7556}") = "Tyuiu.GridinAE.Sprint0.Task4.V0.Test", "Tyuiu.GridinAE.Sprint0.Task4.V0.Test\Tyuiu.GridinAE.Sprint0.Task4.V0.Test.csproj", "{8F6B1A9E-AC11-43C7-8617-F8AC0DC81F1C}"
EndProject
Project("{2150E333-8FDC-42A3-9474-1A3956D46DE8}") = "Task5", "Task5", "{5CB05691-75FB-4B3C-BC6F-49BADFD0EEC6}"
EndProject
Project("{9A19103F-16F7-4668-BE54-9A1E7A4F7556}") = "Tyuiu.GridinAE.Sprint0.Task5.V0", "Tyuiu.GridinAE.Sprint0.Task5.V0\Tyuiu.GridinAE.Sprint0.Task5.V0.csproj", "{A4F403E5-5295-416B-9023-5D743088EFF5}"
EndProject
Project("{9A19103F-16F7-4668-BE54-9A1E7A4F7556}") = "Tyuiu.GridinAE.Sprint0.Task5.V0.Test", "Tyuiu.GridinAE.Sprint0.Task5.V0.Test\Tyuiu.GridinAE.Sprint0.Task5.V0.Test.csproj", "{9D6F5643-7DB9-4538-8E0C-F484AFF4B678}"
EndProject
Project("{9A19103F-16F7-4668-BE54-9A1E7A4F7556}") = "Tyuiu.GridinAE.Sprint0.Task5.V0.Lib", "Tyuiu.GridinAE.Sprint0.Task5.V0.Lib\Tyuiu.GridinAE.Sprint0.Task5.V0.Lib.csproj", "{FEFA7CAE-90B7-4E39-ADBA-9D6009DE241D}"
EndProject
Project("{2150E333-8FDC-42A3-9474-1A3956D46DE8}") = "Task6", "Task6", "{DC065B9F-6F70-4299-872E-057F6FAC733A}"
EndProject
Project("{FAE04EC0-301F-11D3-BF4B-00C04F79EFBC}") = "Tyuiu.GridinAE.Sprint0.Task6.V0", "Tyuiu.GridinAE.Sprint0.Task6.V0\Tyuiu.GridinAE.Sprint0.Task6.V0.csproj", "{CC16706E-88F5-4DC4-A136-2989A72C24F0}"
EndProject
Project("{FAE04EC0-301F-11D3-BF4B-00C04F79EFBC}") = "Tyuiu.GridinAE.Sprint0.Task6.V0.Lib", "Tyuiu.GridinAE.Sprint0.Task6.V0.Lib\Tyuiu.GridinAE.Sprint0.Task6.V0.Lib.csproj", "{D67E633A-5052-43DE-88D3-42118E82D388}"
EndProject
Project("{FAE04EC0-301F-11D3-BF4B-00C04F79EFBC}") = "Tyuiu.GridinAE.Sprint0.Task6.V0.Test", "Tyuiu.GridinAE.Sprint0.Task6.V0.Test\Tyuiu.GridinAE.Sprint0.Task6.V0.Test.csproj", "{8800EAB1-123F-40C0-87DC-70C4D0CE73FD}"
EndProject
Project("{2150E333-8FDC-42A3-9474-1A3956D46DE8}") = "Task7", "Task7", "{F4C05C9F-0337-4639-8D6F-F56648BF3338}"
EndProject
Project("{FAE04EC0-301F-11D3-BF4B-00C04F79EFBC}") = "Tyuiu.GridinAE.Sprint0.Task7.V0", "Tyuiu.GridinAE.Sprint0.Task7.V0\Tyuiu.GridinAE.Sprint0.Task7.V0.csproj", "{EF832F74-7EA8-42F4-B761-476859E6309E}"
EndProject
Project("{FAE04EC0-301F-11D3-BF4B-00C04F79EFBC}") = "Tyuiu.GridinAE.Sprint0.Task7.V0.Lib", "Tyuiu.GridinAE.Sprint0.Task7.V0.Lib\Tyuiu.GridinAE.Sprint0.Task7.V0.Lib.csproj", "{5F64ED90-629D-41A1-8C65-F5E4CDE38F11}"
EndProject
Project("{FAE04EC0-301F-11D3-BF4B-00C04F79EFBC}") = "Tyuiu.GridinAE.Sprint0.Task7.V0.Test", "Tyuiu.GridinAE.Sprint0.Task7.V0.Test\Tyuiu.GridinAE.Sprint0.Task7.V0.Test.csproj", "{2C207700-D1A0-4083-BF4C-1B7DEEA870A4}"
EndProject
Global
	GlobalSection(SolutionConfigurationPlatforms) = preSolution
		Debug|Any CPU = Debug|Any CPU
		Release|Any CPU = Release|Any CPU
	EndGlobalSection
	GlobalSection(ProjectConfigurationPlatforms) = postSolution
		{0C5DF449-D5CE-40D8-80C4-1E29CCEDF05F}.Debug|Any CPU.ActiveCfg = Debug|Any CPU
		{0C5DF449-D5CE-40D8-80C4-1E29CCEDF05F}.Debug|Any CPU.Build.0 = Debug|Any CPU
		{0C5DF449-D5CE-40D8-80C4-1E29CCEDF05F}.Release|Any CPU.ActiveCfg = Release|Any CPU
		{0C5DF449-D5CE-40D8-80C4-1E29CCEDF05F}.Release|Any CPU.Build.0 = Release|Any CPU
		{715E56E1-9DAD-4118-A18D-FEFB37BF390D}.Debug|Any CPU.ActiveCfg = Debug|Any CPU
		{715E56E1-9DAD-4118-A18D-FEFB37BF390D}.Debug|Any CPU.Build.0 = Debug|Any CPU
		{715E56E1-9DAD-4118-A18D-FEFB37BF390D}.Release|Any CPU.ActiveCfg = Release|Any CPU
		{715E56E1-9DAD-4118-A18D-FEFB37BF390D}.Release|Any CPU.Build.0 = Release|Any CPU
		{B36EA0FF-5A2E-4647-BADF-560894EB1E0E}.Debug|Any CPU.ActiveCfg = Debug|Any CPU
		{B36EA0FF-5A2E-4647-BADF-560894EB1E0E}.Debug|Any CPU.Build.0 = Debug|Any CPU
		{B36EA0FF-5A2E-4647-BADF-560894EB1E0E}.Release|Any CPU.ActiveCfg = Release|Any CPU
		{B36EA0FF-5A2E-4647-BADF-560894EB1E0E}.Release|Any CPU.Build.0 = Release|Any CPU
		{48C8D826-100B-4E13-8F7A-E8197E31D398}.Debug|Any CPU.ActiveCfg = Debug|Any CPU
		{48C8D826-100B-4E13-8F7A-E8197E31D398}.Debug|Any CPU.Build.0 = Debug|Any CPU
		{48C8D826-100B-4E13-8F7A-E8197E31D398}.Release|Any CPU.ActiveCfg = Release|Any CPU
		{48C8D826-100B-4E13-8F7A-E8197E31D398}.Release|Any CPU.Build.0 = Release|Any CPU
		{05D18FA9-4B56-4C09-A4A2-1ADF11CB808B}.Debug|Any CPU.ActiveCfg = Debug|Any CPU
		{05D18FA9-4B56-4C09-A4A2-1ADF11CB808B}.Debug|Any CPU.Build.0 = Debug|Any CPU
		{05D18FA9-4B56-4C09-A4A2-1ADF11CB808B}.Release|Any CPU.ActiveCfg = Release|Any CPU
		{05D18FA9-4B56-4C09-A4A2-1ADF11CB808B}.Release|Any CPU.Build.0 = Release|Any CPU
		{1970CB8A-EA49-462C-A911-68536704ECBB}.Debug|Any CPU.ActiveCfg = Debug|Any CPU
		{1970CB8A-EA49-462C-A911-68536704ECBB}.Debug|Any CPU.Build.0 = Debug|Any CPU
		{1970CB8A-EA49-462C-A911-68536704ECBB}.Release|Any CPU.ActiveCfg = Release|Any CPU
		{1970CB8A-EA49-462C-A911-68536704ECBB}.Release|Any CPU.Build.0 = Release|Any CPU
		{B67AF9DF-7120-458F-B1DF-84B275C3C209}.Debug|Any CPU.ActiveCfg = Debug|Any CPU
		{B67AF9DF-7120-458F-B1DF-84B275C3C209}.Debug|Any CPU.Build.0 = Debug|Any CPU
		{B67AF9DF-7120-458F-B1DF-84B275C3C209}.Release|Any CPU.ActiveCfg = Release|Any CPU
		{B67AF9DF-7120-458F-B1DF-84B275C3C209}.Release|Any CPU.Build.0 = Release|Any CPU
		{92D0C931-9044-4465-BDF6-C99CD2E2646D}.Debug|Any CPU.ActiveCfg = Debug|Any CPU
		{92D0C931-9044-4465-BDF6-C99CD2E2646D}.Debug|Any CPU.Build.0 = Debug|Any CPU
		{92D0C931-9044-4465-BDF6-C99CD2E2646D}.Release|Any CPU.ActiveCfg = Release|Any CPU
		{92D0C931-9044-4465-BDF6-C99CD2E2646D}.Release|Any CPU.Build.0 = Release|Any CPU
		{60B86831-D148-4141-BE18-6CCA59B38337}.Debug|Any CPU.ActiveCfg = Debug|Any CPU
		{60B86831-D148-4141-BE18-6CCA59B38337}.Debug|Any CPU.Build.0 = Debug|Any CPU
		{60B86831-D148-4141-BE18-6CCA59B38337}.Release|Any CPU.ActiveCfg = Release|Any CPU
		{60B86831-D148-4141-BE18-6CCA59B38337}.Release|Any CPU.Build.0 = Release|Any CPU
		{6D500D11-FE72-4C97-99BD-BCB898646E6E}.Debug|Any CPU.ActiveCfg = Debug|Any CPU
		{6D500D11-FE72-4C97-99BD-BCB898646E6E}.Debug|Any CPU.Build.0 = Debug|Any CPU
		{6D500D11-FE72-4C97-99BD-BCB898646E6E}.Release|Any CPU.ActiveCfg = Release|Any CPU
		{6D500D11-FE72-4C97-99BD-BCB898646E6E}.Release|Any CPU.Build.0 = Release|Any CPU
		{8F6B1A9E-AC11-43C7-8617-F8AC0DC81F1C}.Debug|Any CPU.ActiveCfg = Debug|Any CPU
		{8F6B1A9E-AC11-43C7-8617-F8AC0DC81F1C}.Debug|Any CPU.Build.0 = Debug|Any CPU
		{8F6B1A9E-AC11-43C7-8617-F8AC0DC81F1C}.Release|Any CPU.ActiveCfg = Release|Any CPU
		{8F6B1A9E-AC11-43C7-8617-F8AC0DC81F1C}.Release|Any CPU.Build.0 = Release|Any CPU
		{A4F403E5-5295-416B-9023-5D743088EFF5}.Debug|Any CPU.ActiveCfg = Debug|Any CPU
		{A4F403E5-5295-416B-9023-5D743088EFF5}.Debug|Any CPU.Build.0 = Debug|Any CPU
		{A4F403E5-5295-416B-9023-5D743088EFF5}.Release|Any CPU.ActiveCfg = Release|Any CPU
		{A4F403E5-5295-416B-9023-5D743088EFF5}.Release|Any CPU.Build.0 = Release|Any CPU
		{9D6F5643-7DB9-4538-8E0C-F484AFF4B678}.Debug|Any CPU.ActiveCfg = Debug|Any CPU
		{9D6F5643-7DB9-4538-8E0C-F484AFF4B678}.Debug|Any CPU.Build.0 = Debug|Any CPU
		{9D6F5643-7DB9-4538-8E0C-F484AFF4B678}.Release|Any CPU.ActiveCfg = Release|Any CPU
		{9D6F5643-7DB9-4538-8E0C-F484AFF4B678}.Release|Any CPU.Build.0 = Release|Any CPU
		{FEFA7CAE-90B7-4E39-ADBA-9D6009DE241D}.Debug|Any CPU.ActiveCfg = Debug|Any CPU
		{FEFA7CAE-90B7-4E39-ADBA-9D6009DE241D}.Debug|Any CPU.Build.0 = Debug|Any CPU
		{FEFA7CAE-90B7-4E39-ADBA-9D6009DE241D}.Release|Any CPU.ActiveCfg = Release|Any CPU
		{FEFA7CAE-90B7-4E39-ADBA-9D6009DE241D}.Release|Any CPU.Build.0 = Release|Any CPU
		{CC16706E-88F5-4DC4-A136-2989A72C24F0}.Debug|Any CPU.ActiveCfg = Debug|Any CPU
		{CC16706E-88F5-4DC4-A136-2989A72C24F0}.Debug|Any CPU.Build.0 = Debug|Any CPU
		{CC16706E-88F5-4DC4-A136-2989A72C24F0}.Release|Any CPU.ActiveCfg = Release|Any CPU
		{CC16706E-88F5-4DC4-A136-2989A72C24F0}.Release|Any CPU.Build.0 = Release|Any CPU
		{D67E633A-5052-43DE-88D3-42118E82D388}.Debug|Any CPU.ActiveCfg = Debug|Any CPU
		{D67E633A-5052-43DE-88D3-42118E82D388}.Debug|Any CPU.Build.0 = Debug|Any CPU
		{D67E633A-5052-43DE-88D3-42118E82D388}.Release|Any CPU.ActiveCfg = Release|Any CPU
		{D67E633A-5052-43DE-88D3-42118E82D388}.Release|Any CPU.Build.0 = Release|Any CPU
		{8800EAB1-123F-40C0-87DC-70C4D0CE73FD}.Debug|Any CPU.ActiveCfg = Debug|Any CPU
		{8800EAB1-123F-40C0-87DC-70C4D0CE73FD}.Debug|Any CPU.Build.0 = Debug|Any CPU
		{8800EAB1-123F-40C0-87DC-70C4D0CE73FD}.Release|Any CPU.ActiveCfg = Release|Any CPU
		{8800EAB1-123F-40C0-87DC-70C4D0CE73FD}.Release|Any CPU.Build.0 = Release|Any CPU
		{EF832F74-7EA8-42F4-B761-476859E6309E}.Debug|Any CPU.ActiveCfg = Debug|Any CPU
		{EF832F74-7EA8-42F4-B761-476859E6309E}.Debug|Any CPU.Build.0 = Debug|Any CPU
		{EF832F74-7EA8-42F4-B761-476859E6309E}.Release|Any CPU.ActiveCfg = Release|Any CPU
		{EF832F74-7EA8-42F4-B761-476859E6309E}.Release|Any CPU.Build.0 = Release|Any CPU
		{5F64ED90-629D-41A1-8C65-F5E4CDE38F11}.Debug|Any CPU.ActiveCfg = Debug|Any CPU
		{5F64ED90-629D-41A1-8C65-F5E4CDE38F11}.Debug|Any CPU.Build.0 = Debug|Any CPU
		{5F64ED90-629D-41A1-8C65-F5E4CDE38F11}.Release|Any CPU.ActiveCfg = Release|Any CPU
		{5F64ED90-629D-41A1-8C65-F5E4CDE38F11}.Release|Any CPU.Build.0 = Release|Any CPU
		{2C207700-D1A0-4083-BF4C-1B7DEEA870A4}.Debug|Any CPU.ActiveCfg = Debug|Any CPU
		{2C207700-D1A0-4083-BF4C-1B7DEEA870A4}.Debug|Any CPU.Build.0 = Debug|Any CPU
		{2C207700-D1A0-4083-BF4C-1B7DEEA870A4}.Release|Any CPU.ActiveCfg = Release|Any CPU
		{2C207700-D1A0-4083-BF4C-1B7DEEA870A4}.Release|Any CPU.Build.0 = Release|Any CPU
	EndGlobalSection
	GlobalSection(SolutionProperties) = preSolution
		HideSolutionNode = FALSE
	EndGlobalSection
	GlobalSection(NestedProjects) = preSolution
		{0C5DF449-D5CE-40D8-80C4-1E29CCEDF05F} = {061FB400-DA2D-489A-B17D-95418B6EE4C0}
		{715E56E1-9DAD-4118-A18D-FEFB37BF390D} = {4AED4124-7192-4421-B03D-683696765DFF}
		{B36EA0FF-5A2E-4647-BADF-560894EB1E0E} = {850264F3-BAB1-4C85-B29F-C5839BC20CEB}
		{48C8D826-100B-4E13-8F7A-E8197E31D398} = {850264F3-BAB1-4C85-B29F-C5839BC20CEB}
		{05D18FA9-4B56-4C09-A4A2-1ADF11CB808B} = {850264F3-BAB1-4C85-B29F-C5839BC20CEB}
		{1970CB8A-EA49-462C-A911-68536704ECBB} = {F1034D40-89B2-46A6-82DA-59B831FB7373}
		{B67AF9DF-7120-458F-B1DF-84B275C3C209} = {F1034D40-89B2-46A6-82DA-59B831FB7373}
		{92D0C931-9044-4465-BDF6-C99CD2E2646D} = {F1034D40-89B2-46A6-82DA-59B831FB7373}
		{60B86831-D148-4141-BE18-6CCA59B38337} = {B69C2BCE-3BA8-4F65-A12C-6EFDCD547BC9}
		{6D500D11-FE72-4C97-99BD-BCB898646E6E} = {B69C2BCE-3BA8-4F65-A12C-6EFDCD547BC9}
		{8F6B1A9E-AC11-43C7-8617-F8AC0DC81F1C} = {B69C2BCE-3BA8-4F65-A12C-6EFDCD547BC9}
		{A4F403E5-5295-416B-9023-5D743088EFF5} = {5CB05691-75FB-4B3C-BC6F-49BADFD0EEC6}
		{9D6F5643-7DB9-4538-8E0C-F484AFF4B678} = {5CB05691-75FB-4B3C-BC6F-49BADFD0EEC6}
		{FEFA7CAE-90B7-4E39-ADBA-9D6009DE241D} = {5CB05691-75FB-4B3C-BC6F-49BADFD0EEC6}
		{CC16706E-88F5-4DC4-A136-2989A72C24F0} = {DC065B9F-6F70-4299-872E-057F6FAC733A}
		{D67E633A-5052-43DE-88D3-42118E82D388} = {DC065B9F-6F70-4299-872E-057F6FAC733A}
		{8800EAB1-123F-40C0-87DC-70C4D0CE73FD} = {DC065B9F-6F70-4299-872E-057F6FAC733A}
		{EF832F74-7EA8-42F4-B761-476859E6309E} = {F4C05C9F-0337-4639-8D6F-F56648BF3338}
		{5F64ED90-629D-41A1-8C65-F5E4CDE38F11} = {F4C05C9F-0337-4639-8D6F-F56648BF3338}
		{2C207700-D1A0-4083-BF4C-1B7DEEA870A4} = {F4C05C9F-0337-4639-8D6F-F56648BF3338}
	EndGlobalSection
	GlobalSection(ExtensibilityGlobals) = postSolution
		SolutionGuid = {938DEE90-1926-4874-BACF-525197E03A5F}
	EndGlobalSection
EndGlobal
